// !$*UTF8*$!
{
	archiveVersion = 1;
	classes = {
	};
	objectVersion = 50;
	objects = {

/* Begin PBXBuildFile section */
		5794294F2674D55F00ACF6AC /* AppDelegate.swift in Sources */ = {isa = PBXBuildFile; fileRef = 5794294E2674D55F00ACF6AC /* AppDelegate.swift */; };
		579429512674D55F00ACF6AC /* SceneDelegate.swift in Sources */ = {isa = PBXBuildFile; fileRef = 579429502674D55F00ACF6AC /* SceneDelegate.swift */; };
		579429532674D55F00ACF6AC /* ViewController.swift in Sources */ = {isa = PBXBuildFile; fileRef = 579429522674D55F00ACF6AC /* ViewController.swift */; };
		579429562674D55F00ACF6AC /* Main.storyboard in Resources */ = {isa = PBXBuildFile; fileRef = 579429542674D55F00ACF6AC /* Main.storyboard */; };
		579429592674D55F00ACF6AC /* _8791b35ec5bcff0ce73edc4a9858609.xcdatamodeld in Sources */ = {isa = PBXBuildFile; fileRef = 579429572674D55F00ACF6AC /* _8791b35ec5bcff0ce73edc4a9858609.xcdatamodeld */; };
		5794295B2674D56000ACF6AC /* Assets.xcassets in Resources */ = {isa = PBXBuildFile; fileRef = 5794295A2674D56000ACF6AC /* Assets.xcassets */; };
		5794295E2674D56000ACF6AC /* LaunchScreen.storyboard in Resources */ = {isa = PBXBuildFile; fileRef = 5794295C2674D56000ACF6AC /* LaunchScreen.storyboard */; };
/* End PBXBuildFile section */

/* Begin PBXFileReference section */
		5794294B2674D55F00ACF6AC /* 98791b35ec5bcff0ce73edc4a9858609.app */ = {isa = PBXFileReference; explicitFileType = wrapper.application; includeInIndex = 0; path = 98791b35ec5bcff0ce73edc4a9858609.app; sourceTree = BUILT_PRODUCTS_DIR; };
		5794294E2674D55F00ACF6AC /* AppDelegate.swift */ = {isa = PBXFileReference; lastKnownFileType = sourcecode.swift; path = AppDelegate.swift; sourceTree = "<group>"; };
		579429502674D55F00ACF6AC /* SceneDelegate.swift */ = {isa = PBXFileReference; lastKnownFileType = sourcecode.swift; path = SceneDelegate.swift; sourceTree = "<group>"; };
		579429522674D55F00ACF6AC /* ViewController.swift */ = {isa = PBXFileReference; lastKnownFileType = sourcecode.swift; path = ViewController.swift; sourceTree = "<group>"; };
		579429552674D55F00ACF6AC /* Base */ = {isa = PBXFileReference; lastKnownFileType = file.storyboard; name = Base; path = Base.lproj/Main.storyboard; sourceTree = "<group>"; };
		579429582674D55F00ACF6AC /* _8791b35ec5bcff0ce73edc4a9858609.xcdatamodel */ = {isa = PBXFileReference; lastKnownFileType = wrapper.xcdatamodel; path = _8791b35ec5bcff0ce73edc4a9858609.xcdatamodel; sourceTree = "<group>"; };
		5794295A2674D56000ACF6AC /* Assets.xcassets */ = {isa = PBXFileReference; lastKnownFileType = folder.assetcatalog; path = Assets.xcassets; sourceTree = "<group>"; };
		5794295D2674D56000ACF6AC /* Base */ = {isa = PBXFileReference; lastKnownFileType = file.storyboard; name = Base; path = Base.lproj/LaunchScreen.storyboard; sourceTree = "<group>"; };
		5794295F2674D56000ACF6AC /* Info.plist */ = {isa = PBXFileReference; lastKnownFileType = text.plist.xml; path = Info.plist; sourceTree = "<group>"; };
/* End PBXFileReference section */

/* Begin PBXFrameworksBuildPhase section */
		579429482674D55F00ACF6AC /* Frameworks */ = {
			isa = PBXFrameworksBuildPhase;
			buildActionMask = 2147483647;
			files = (
			);
			runOnlyForDeploymentPostprocessing = 0;
		};
/* End PBXFrameworksBuildPhase section */

/* Begin PBXGroup section */
		579429422674D55F00ACF6AC = {
			isa = PBXGroup;
			children = (
				5794294D2674D55F00ACF6AC /* 98791b35ec5bcff0ce73edc4a9858609 */,
				5794294C2674D55F00ACF6AC /* Products */,
			);
			sourceTree = "<group>";
		};
		5794294C2674D55F00ACF6AC /* Products */ = {
			isa = PBXGroup;
			children = (
				5794294B2674D55F00ACF6AC /* 98791b35ec5bcff0ce73edc4a9858609.app */,
			);
			name = Products;
			sourceTree = "<group>";
		};
		5794294D2674D55F00ACF6AC /* 98791b35ec5bcff0ce73edc4a9858609 */ = {
			isa = PBXGroup;
			children = (
				5794294E2674D55F00ACF6AC /* AppDelegate.swift */,
				579429502674D55F00ACF6AC /* SceneDelegate.swift */,
				579429522674D55F00ACF6AC /* ViewController.swift */,
				579429542674D55F00ACF6AC /* Main.storyboard */,
				5794295A2674D56000ACF6AC /* Assets.xcassets */,
				5794295C2674D56000ACF6AC /* LaunchScreen.storyboard */,
				5794295F2674D56000ACF6AC /* Info.plist */,
				579429572674D55F00ACF6AC /* _8791b35ec5bcff0ce73edc4a9858609.xcdatamodeld */,
			);
			path = 98791b35ec5bcff0ce73edc4a9858609;
			sourceTree = "<group>";
		};
/* End PBXGroup section */

/* Begin PBXNativeTarget section */
		5794294A2674D55F00ACF6AC /* 98791b35ec5bcff0ce73edc4a9858609 */ = {
			isa = PBXNativeTarget;
			buildConfigurationList = 579429622674D56000ACF6AC /* Build configuration list for PBXNativeTarget "98791b35ec5bcff0ce73edc4a9858609" */;
			buildPhases = (
				579429472674D55F00ACF6AC /* Sources */,
				579429482674D55F00ACF6AC /* Frameworks */,
				579429492674D55F00ACF6AC /* Resources */,
			);
			buildRules = (
			);
			dependencies = (
			);
			name = 98791b35ec5bcff0ce73edc4a9858609;
			productName = 98791b35ec5bcff0ce73edc4a9858609;
			productReference = 5794294B2674D55F00ACF6AC /* 98791b35ec5bcff0ce73edc4a9858609.app */;
			productType = "com.apple.product-type.application";
		};
/* End PBXNativeTarget section */

/* Begin PBXProject section */
		579429432674D55F00ACF6AC /* Project object */ = {
			isa = PBXProject;
			attributes = {
				LastSwiftUpdateCheck = 1250;
				LastUpgradeCheck = 1250;
				TargetAttributes = {
					5794294A2674D55F00ACF6AC = {
						CreatedOnToolsVersion = 12.5;
					};
				};
			};
			buildConfigurationList = 579429462674D55F00ACF6AC /* Build configuration list for PBXProject "98791b35ec5bcff0ce73edc4a9858609" */;
			compatibilityVersion = "Xcode 9.3";
			developmentRegion = en;
			hasScannedForEncodings = 0;
			knownRegions = (
				en,
				Base,
			);
			mainGroup = 579429422674D55F00ACF6AC;
			productRefGroup = 5794294C2674D55F00ACF6AC /* Products */;
			projectDirPath = "";
			projectRoot = "";
			targets = (
				5794294A2674D55F00ACF6AC /* 98791b35ec5bcff0ce73edc4a9858609 */,
			);
		};
/* End PBXProject section */

/* Begin PBXResourcesBuildPhase section */
		579429492674D55F00ACF6AC /* Resources */ = {
			isa = PBXResourcesBuildPhase;
			buildActionMask = 2147483647;
			files = (
				5794295E2674D56000ACF6AC /* LaunchScreen.storyboard in Resources */,
				5794295B2674D56000ACF6AC /* Assets.xcassets in Resources */,
				579429562674D55F00ACF6AC /* Main.storyboard in Resources */,
			);
			runOnlyForDeploymentPostprocessing = 0;
		};
/* End PBXResourcesBuildPhase section */

/* Begin PBXSourcesBuildPhase section */
		579429472674D55F00ACF6AC /* Sources */ = {
			isa = PBXSourcesBuildPhase;
			buildActionMask = 2147483647;
			files = (
				579429532674D55F00ACF6AC /* ViewController.swift in Sources */,
				579429592674D55F00ACF6AC /* _8791b35ec5bcff0ce73edc4a9858609.xcdatamodeld in Sources */,
				5794294F2674D55F00ACF6AC /* AppDelegate.swift in Sources */,
				579429512674D55F00ACF6AC /* SceneDelegate.swift in Sources */,
			);
			runOnlyForDeploymentPostprocessing = 0;
		};
/* End PBXSourcesBuildPhase section */

/* Begin PBXVariantGroup section */
		579429542674D55F00ACF6AC /* Main.storyboard */ = {
			isa = PBXVariantGroup;
			children = (
				579429552674D55F00ACF6AC /* Base */,
			);
			name = Main.storyboard;
			sourceTree = "<group>";
		};
		5794295C2674D56000ACF6AC /* LaunchScreen.storyboard */ = {
			isa = PBXVariantGroup;
			children = (
				5794295D2674D56000ACF6AC /* Base */,
			);
			name = LaunchScreen.storyboard;
			sourceTree = "<group>";
		};
/* End PBXVariantGroup section */

/* Begin XCBuildConfiguration section */
		579429602674D56000ACF6AC /* Debug */ = {
			isa = XCBuildConfiguration;
			buildSettings = {
				ALWAYS_SEARCH_USER_PATHS = NO;
				CLANG_ANALYZER_NONNULL = YES;
				CLANG_ANALYZER_NUMBER_OBJECT_CONVERSION = YES_AGGRESSIVE;
				CLANG_CXX_LANGUAGE_STANDARD = "gnu++14";
				CLANG_CXX_LIBRARY = "libc++";
				CLANG_ENABLE_MODULES = YES;
				CLANG_ENABLE_OBJC_ARC = YES;
				CLANG_ENABLE_OBJC_WEAK = YES;
				CLANG_WARN_BLOCK_CAPTURE_AUTORELEASING = YES;
				CLANG_WARN_BOOL_CONVERSION = YES;
				CLANG_WARN_COMMA = YES;
				CLANG_WARN_CONSTANT_CONVERSION = YES;
				CLANG_WARN_DEPRECATED_OBJC_IMPLEMENTATIONS = YES;
				CLANG_WARN_DIRECT_OBJC_ISA_USAGE = YES_ERROR;
				CLANG_WARN_DOCUMENTATION_COMMENTS = YES;
				CLANG_WARN_EMPTY_BODY = YES;
				CLANG_WARN_ENUM_CONVERSION = YES;
				CLANG_WARN_INFINITE_RECURSION = YES;
				CLANG_WARN_INT_CONVERSION = YES;
				CLANG_WARN_NON_LITERAL_NULL_CONVERSION = YES;
				CLANG_WARN_OBJC_IMPLICIT_RETAIN_SELF = YES;
				CLANG_WARN_OBJC_LITERAL_CONVERSION = YES;
				CLANG_WARN_OBJC_ROOT_CLASS = YES_ERROR;
				CLANG_WARN_QUOTED_INCLUDE_IN_FRAMEWORK_HEADER = YES;
				CLANG_WARN_RANGE_LOOP_ANALYSIS = YES;
				CLANG_WARN_STRICT_PROTOTYPES = YES;
				CLANG_WARN_SUSPICIOUS_MOVE = YES;
				CLANG_WARN_UNGUARDED_AVAILABILITY = YES_AGGRESSIVE;
				CLANG_WARN_UNREACHABLE_CODE = YES;
				CLANG_WARN__DUPLICATE_METHOD_MATCH = YES;
				COPY_PHASE_STRIP = NO;
				DEBUG_INFORMATION_FORMAT = dwarf;
				ENABLE_STRICT_OBJC_MSGSEND = YES;
				ENABLE_TESTABILITY = YES;
				GCC_C_LANGUAGE_STANDARD = gnu11;
				GCC_DYNAMIC_NO_PIC = NO;
				GCC_NO_COMMON_BLOCKS = YES;
				GCC_OPTIMIZATION_LEVEL = 0;
				GCC_PREPROCESSOR_DEFINITIONS = (
					"DEBUG=1",
					"$(inherited)",
				);
				GCC_WARN_64_TO_32_BIT_CONVERSION = YES;
				GCC_WARN_ABOUT_RETURN_TYPE = YES_ERROR;
				GCC_WARN_UNDECLARED_SELECTOR = YES;
				GCC_WARN_UNINITIALIZED_AUTOS = YES_AGGRESSIVE;
				GCC_WARN_UNUSED_FUNCTION = YES;
				GCC_WARN_UNUSED_VARIABLE = YES;
				IPHONEOS_DEPLOYMENT_TARGET = 14.5;
				MTL_ENABLE_DEBUG_INFO = INCLUDE_SOURCE;
				MTL_FAST_MATH = YES;
				ONLY_ACTIVE_ARCH = YES;
				SDKROOT = iphoneos;
				SWIFT_ACTIVE_COMPILATION_CONDITIONS = DEBUG;
				SWIFT_OPTIMIZATION_LEVEL = "-Onone";
			};
			name = Debug;
		};
		579429612674D56000ACF6AC /* Release */ = {
			isa = XCBuildConfiguration;
			buildSettings = {
				ALWAYS_SEARCH_USER_PATHS = NO;
				CLANG_ANALYZER_NONNULL = YES;
				CLANG_ANALYZER_NUMBER_OBJECT_CONVERSION = YES_AGGRESSIVE;
				CLANG_CXX_LANGUAGE_STANDARD = "gnu++14";
				CLANG_CXX_LIBRARY = "libc++";
				CLANG_ENABLE_MODULES = YES;
				CLANG_ENABLE_OBJC_ARC = YES;
				CLANG_ENABLE_OBJC_WEAK = YES;
				CLANG_WARN_BLOCK_CAPTURE_AUTORELEASING = YES;
				CLANG_WARN_BOOL_CONVERSION = YES;
				CLANG_WARN_COMMA = YES;
				CLANG_WARN_CONSTANT_CONVERSION = YES;
				CLANG_WARN_DEPRECATED_OBJC_IMPLEMENTATIONS = YES;
				CLANG_WARN_DIRECT_OBJC_ISA_USAGE = YES_ERROR;
				CLANG_WARN_DOCUMENTATION_COMMENTS = YES;
				CLANG_WARN_EMPTY_BODY = YES;
				CLANG_WARN_ENUM_CONVERSION = YES;
				CLANG_WARN_INFINITE_RECURSION = YES;
				CLANG_WARN_INT_CONVERSION = YES;
				CLANG_WARN_NON_LITERAL_NULL_CONVERSION = YES;
				CLANG_WARN_OBJC_IMPLICIT_RETAIN_SELF = YES;
				CLANG_WARN_OBJC_LITERAL_CONVERSION = YES;
				CLANG_WARN_OBJC_ROOT_CLASS = YES_ERROR;
				CLANG_WARN_QUOTED_INCLUDE_IN_FRAMEWORK_HEADER = YES;
				CLANG_WARN_RANGE_LOOP_ANALYSIS = YES;
				CLANG_WARN_STRICT_PROTOTYPES = YES;
				CLANG_WARN_SUSPICIOUS_MOVE = YES;
				CLANG_WARN_UNGUARDED_AVAILABILITY = YES_AGGRESSIVE;
				CLANG_WARN_UNREACHABLE_CODE = YES;
				CLANG_WARN__DUPLICATE_METHOD_MATCH = YES;
				COPY_PHASE_STRIP = NO;
				DEBUG_INFORMATION_FORMAT = "dwarf-with-dsym";
				ENABLE_NS_ASSERTIONS = NO;
				ENABLE_STRICT_OBJC_MSGSEND = YES;
				GCC_C_LANGUAGE_STANDARD = gnu11;
				GCC_NO_COMMON_BLOCKS = YES;
				GCC_WARN_64_TO_32_BIT_CONVERSION = YES;
				GCC_WARN_ABOUT_RETURN_TYPE = YES_ERROR;
				GCC_WARN_UNDECLARED_SELECTOR = YES;
				GCC_WARN_UNINITIALIZED_AUTOS = YES_AGGRESSIVE;
				GCC_WARN_UNUSED_FUNCTION = YES;
				GCC_WARN_UNUSED_VARIABLE = YES;
				IPHONEOS_DEPLOYMENT_TARGET = 14.5;
				MTL_ENABLE_DEBUG_INFO = NO;
				MTL_FAST_MATH = YES;
				SDKROOT = iphoneos;
				SWIFT_COMPILATION_MODE = wholemodule;
				SWIFT_OPTIMIZATION_LEVEL = "-O";
				VALIDATE_PRODUCT = YES;
			};
			name = Release;
		};
		579429632674D56000ACF6AC /* Debug */ = {
			isa = XCBuildConfiguration;
			buildSettings = {
				ASSETCATALOG_COMPILER_APPICON_NAME = AppIcon;
				ASSETCATALOG_COMPILER_GLOBAL_ACCENT_COLOR_NAME = AccentColor;
				CODE_SIGN_STYLE = Automatic;
				INFOPLIST_FILE = 98791b35ec5bcff0ce73edc4a9858609/Info.plist;
				LD_RUNPATH_SEARCH_PATHS = (
					"$(inherited)",
					"@executable_path/Frameworks",
				);
				PRODUCT_BUNDLE_IDENTIFIER = "com.muhammedkarakul.-8791b35ec5bcff0ce73edc4a9858609";
				PRODUCT_NAME = "$(TARGET_NAME)";
				SWIFT_VERSION = 5.0;
				TARGETED_DEVICE_FAMILY = "1,2";
			};
			name = Debug;
		};
		579429642674D56000ACF6AC /* Release */ = {
			isa = XCBuildConfiguration;
			buildSettings = {
				ASSETCATALOG_COMPILER_APPICON_NAME = AppIcon;
				ASSETCATALOG_COMPILER_GLOBAL_ACCENT_COLOR_NAME = AccentColor;
				CODE_SIGN_STYLE = Automatic;
				INFOPLIST_FILE = 98791b35ec5bcff0ce73edc4a9858609/Info.plist;
				LD_RUNPATH_SEARCH_PATHS = (
					"$(inherited)",
					"@executable_path/Frameworks",
				);
				PRODUCT_BUNDLE_IDENTIFIER = "com.muhammedkarakul.-8791b35ec5bcff0ce73edc4a9858609";
				PRODUCT_NAME = "$(TARGET_NAME)";
				SWIFT_VERSION = 5.0;
				TARGETED_DEVICE_FAMILY = "1,2";
			};
			name = Release;
		};
/* End XCBuildConfiguration section */

/* Begin XCConfigurationList section */
		579429462674D55F00ACF6AC /* Build configuration list for PBXProject "98791b35ec5bcff0ce73edc4a9858609" */ = {
			isa = XCConfigurationList;
			buildConfigurations = (
				579429602674D56000ACF6AC /* Debug */,
				579429612674D56000ACF6AC /* Release */,
			);
			defaultConfigurationIsVisible = 0;
			defaultConfigurationName = Release;
		};
		579429622674D56000ACF6AC /* Build configuration list for PBXNativeTarget "98791b35ec5bcff0ce73edc4a9858609" */ = {
			isa = XCConfigurationList;
			buildConfigurations = (
				579429632674D56000ACF6AC /* Debug */,
				579429642674D56000ACF6AC /* Release */,
			);
			defaultConfigurationIsVisible = 0;
			defaultConfigurationName = Release;
		};
/* End XCConfigurationList section */

/* Begin XCVersionGroup section */
		579429572674D55F00ACF6AC /* _8791b35ec5bcff0ce73edc4a9858609.xcdatamodeld */ = {
			isa = XCVersionGroup;
			children = (
				579429582674D55F00ACF6AC /* _8791b35ec5bcff0ce73edc4a9858609.xcdatamodel */,
			);
			currentVersion = 579429582674D55F00ACF6AC /* _8791b35ec5bcff0ce73edc4a9858609.xcdatamodel */;
			path = _8791b35ec5bcff0ce73edc4a9858609.xcdatamodeld;
			sourceTree = "<group>";
			versionGroupType = wrapper.xcdatamodel;
		};
/* End XCVersionGroup section */
	};
	rootObject = 579429432674D55F00ACF6AC /* Project object */;
}
